
Microsoft Visual Studio Solution File, Format Version 12.00
# Visual Studio Version 17
VisualStudioVersion = 17.2.32516.85
MinimumVisualStudioVersion = 10.0.40219.1
Project("{9A19103F-16F7-4668-BE54-9A1E7A4F7556}") = "PMS.Backend.Service", "PMS.Backend.Service\PMS.Backend.Service.csproj", "{38FFD8E9-F54D-487E-B1C1-FA4073ADFD7D}"
EndProject
Project("{9A19103F-16F7-4668-BE54-9A1E7A4F7556}") = "PMS.Backend.Api", "PMS.Backend.Api\PMS.Backend.Api.csproj", "{C8B8D1A9-DDEB-43AC-8F79-25EDD40B7897}"
EndProject
Project("{9A19103F-16F7-4668-BE54-9A1E7A4F7556}") = "PMS.Backend.Test", "PMS.Backend.Test\PMS.Backend.Test.csproj", "{2BD3F07A-8AE6-40B6-88E9-6041C8202F17}"
EndProject
Project("{2150E333-8FDC-42A3-9474-1A3956D46DE8}") = "Solution Items", "Solution Items", "{9AA998D1-A571-4B4E-9C87-6920621CD51D}"
	ProjectSection(SolutionItems) = preProject
		.editorconfig = .editorconfig
	EndProjectSection
EndProject
Project("{E53339B2-1760-4266-BCC7-CA923CBCF16C}") = "docker-compose", "docker-compose.dcproj", "{EF6A1195-CAA8-4393-8738-083A69B73DB8}"
EndProject
Project("{FAE04EC0-301F-11D3-BF4B-00C04F79EFBC}") = "PMS.Backend.Domain", "PMS.Backend.Domain\PMS.Backend.Domain.csproj", "{9B7A1EB1-D89A-4250-A3FE-F9B006C6F776}"
EndProject
Project("{FAE04EC0-301F-11D3-BF4B-00C04F79EFBC}") = "PMS.Backend.Application", "PMS.Backend.Application\PMS.Backend.Application.csproj", "{719BBC70-0338-47AE-AFB5-A6CA5A64CEF9}"
EndProject
Project("{FAE04EC0-301F-11D3-BF4B-00C04F79EFBC}") = "PMS.Backend.Infrastructure", "PMS.Backend.Infrastructure\PMS.Backend.Infrastructure.csproj", "{C436A6D6-469D-4801-97BC-1C5BF63AB826}"
EndProject
Project("{FAE04EC0-301F-11D3-BF4B-00C04F79EFBC}") = "PMS.Backend.Common", "PMS.Backend.Common\PMS.Backend.Common.csproj", "{40D83033-9359-40AF-A2F9-6B7D07CFADB4}"
EndProject
Global
	GlobalSection(SolutionConfigurationPlatforms) = preSolution
		Debug|Any CPU = Debug|Any CPU
		Release|Any CPU = Release|Any CPU
	EndGlobalSection
	GlobalSection(ProjectConfigurationPlatforms) = postSolution
		{38FFD8E9-F54D-487E-B1C1-FA4073ADFD7D}.Debug|Any CPU.ActiveCfg = Debug|Any CPU
		{38FFD8E9-F54D-487E-B1C1-FA4073ADFD7D}.Debug|Any CPU.Build.0 = Debug|Any CPU
		{38FFD8E9-F54D-487E-B1C1-FA4073ADFD7D}.Release|Any CPU.ActiveCfg = Release|Any CPU
		{38FFD8E9-F54D-487E-B1C1-FA4073ADFD7D}.Release|Any CPU.Build.0 = Release|Any CPU
		{C8B8D1A9-DDEB-43AC-8F79-25EDD40B7897}.Debug|Any CPU.ActiveCfg = Debug|Any CPU
		{C8B8D1A9-DDEB-43AC-8F79-25EDD40B7897}.Debug|Any CPU.Build.0 = Debug|Any CPU
		{C8B8D1A9-DDEB-43AC-8F79-25EDD40B7897}.Release|Any CPU.ActiveCfg = Release|Any CPU
		{C8B8D1A9-DDEB-43AC-8F79-25EDD40B7897}.Release|Any CPU.Build.0 = Release|Any CPU
		{2BD3F07A-8AE6-40B6-88E9-6041C8202F17}.Debug|Any CPU.ActiveCfg = Debug|Any CPU
		{2BD3F07A-8AE6-40B6-88E9-6041C8202F17}.Debug|Any CPU.Build.0 = Debug|Any CPU
		{2BD3F07A-8AE6-40B6-88E9-6041C8202F17}.Release|Any CPU.ActiveCfg = Release|Any CPU
		{2BD3F07A-8AE6-40B6-88E9-6041C8202F17}.Release|Any CPU.Build.0 = Release|Any CPU
		{EF6A1195-CAA8-4393-8738-083A69B73DB8}.Debug|Any CPU.ActiveCfg = Debug|Any CPU
		{EF6A1195-CAA8-4393-8738-083A69B73DB8}.Debug|Any CPU.Build.0 = Debug|Any CPU
		{EF6A1195-CAA8-4393-8738-083A69B73DB8}.Release|Any CPU.ActiveCfg = Release|Any CPU
		{EF6A1195-CAA8-4393-8738-083A69B73DB8}.Release|Any CPU.Build.0 = Release|Any CPU
		{9B7A1EB1-D89A-4250-A3FE-F9B006C6F776}.Debug|Any CPU.ActiveCfg = Debug|Any CPU
		{9B7A1EB1-D89A-4250-A3FE-F9B006C6F776}.Debug|Any CPU.Build.0 = Debug|Any CPU
		{9B7A1EB1-D89A-4250-A3FE-F9B006C6F776}.Release|Any CPU.ActiveCfg = Release|Any CPU
		{9B7A1EB1-D89A-4250-A3FE-F9B006C6F776}.Release|Any CPU.Build.0 = Release|Any CPU
		{719BBC70-0338-47AE-AFB5-A6CA5A64CEF9}.Debug|Any CPU.ActiveCfg = Debug|Any CPU
		{719BBC70-0338-47AE-AFB5-A6CA5A64CEF9}.Debug|Any CPU.Build.0 = Debug|Any CPU
		{719BBC70-0338-47AE-AFB5-A6CA5A64CEF9}.Release|Any CPU.ActiveCfg = Release|Any CPU
		{719BBC70-0338-47AE-AFB5-A6CA5A64CEF9}.Release|Any CPU.Build.0 = Release|Any CPU
		{C436A6D6-469D-4801-97BC-1C5BF63AB826}.Debug|Any CPU.ActiveCfg = Debug|Any CPU
		{C436A6D6-469D-4801-97BC-1C5BF63AB826}.Debug|Any CPU.Build.0 = Debug|Any CPU
		{C436A6D6-469D-4801-97BC-1C5BF63AB826}.Release|Any CPU.ActiveCfg = Release|Any CPU
		{C436A6D6-469D-4801-97BC-1C5BF63AB826}.Release|Any CPU.Build.0 = Release|Any CPU
		{40D83033-9359-40AF-A2F9-6B7D07CFADB4}.Debug|Any CPU.ActiveCfg = Debug|Any CPU
		{40D83033-9359-40AF-A2F9-6B7D07CFADB4}.Debug|Any CPU.Build.0 = Debug|Any CPU
		{40D83033-9359-40AF-A2F9-6B7D07CFADB4}.Release|Any CPU.ActiveCfg = Release|Any CPU
		{40D83033-9359-40AF-A2F9-6B7D07CFADB4}.Release|Any CPU.Build.0 = Release|Any CPU
	EndGlobalSection
	GlobalSection(SolutionProperties) = preSolution
		HideSolutionNode = FALSE
	EndGlobalSection
	GlobalSection(ExtensibilityGlobals) = postSolution
		SolutionGuid = {8F0B8A38-442E-48FD-A044-C4BE1110D19E}
	EndGlobalSection
EndGlobal
